{
  "name": "tsc-issues",
  "version": "1.0.0",
  "lockfileVersion": 2,
  "requires": true,
  "packages": {
    "": {
      "name": "tsc-issues",
      "version": "1.0.0",
      "license": "ISC",
      "dependencies": {
        "typescript": "^5.0.0-dev.20230110"
      }
    },
    "node_modules/typescript": {
      "version": "5.0.0-dev.20230110",
      "resolved": "https://registry.npmjs.org/typescript/-/typescript-5.0.0-dev.20230110.tgz",
      "integrity": "sha512-0GvdJbYkEHxWSL2XPS/kivYbGZIGmgICZ/xXoY11zv1RRehhH9781v+RpsHI4qsGqxmzOI5VL+o/Y+t7sbwWVA==",
      "bin": {
        "tsc": "bin/tsc",
        "tsserver": "bin/tsserver"
      },
      "engines": {
        "node": ">=4.2.0"
      }
    }
  },
  "dependencies": {
    "typescript": {
      "version": "5.0.0-dev.20230110",
      "resolved": "https://registry.npmjs.org/typescript/-/typescript-5.0.0-dev.20230110.tgz",
      "integrity": "sha512-0GvdJbYkEHxWSL2XPS/kivYbGZIGmgICZ/xXoY11zv1RRehhH9781v+RpsHI4qsGqxmzOI5VL+o/Y+t7sbwWVA=="
    }
  }
}
